
Microsoft Visual Studio Solution File, Format Version 12.00
# Visual Studio Version 17
VisualStudioVersion = 17.12.35707.178 d17.12
MinimumVisualStudioVersion = 10.0.40219.1
Project("{FAE04EC0-301F-11D3-BF4B-00C04F79EFBC}") = "AlanHesaplama", "AlanHesaplama.csproj", "{EC9D87EC-184E-4A35-BFA3-1D52A7CDB0EC}"
EndProject
Global
	GlobalSection(SolutionConfigurationPlatforms) = preSolution
		Debug|Any CPU = Debug|Any CPU
		Release|Any CPU = Release|Any CPU
	EndGlobalSection
	GlobalSection(ProjectConfigurationPlatforms) = postSolution
		{EC9D87EC-184E-4A35-BFA3-1D52A7CDB0EC}.Debug|Any CPU.ActiveCfg = Debug|Any CPU
		{EC9D87EC-184E-4A35-BFA3-1D52A7CDB0EC}.Debug|Any CPU.Build.0 = Debug|Any CPU
		{EC9D87EC-184E-4A35-BFA3-1D52A7CDB0EC}.Release|Any CPU.ActiveCfg = Release|Any CPU
		{EC9D87EC-184E-4A35-BFA3-1D52A7CDB0EC}.Release|Any CPU.Build.0 = Release|Any CPU
	EndGlobalSection
	GlobalSection(SolutionProperties) = preSolution
		HideSolutionNode = FALSE
	EndGlobalSection
EndGlobal
